github.com/sixcolors/argon2id v1.0.0 h1:4lPYd7k6COz2mEnZVaR/8Oku8Q/rFyPPeS0eqTlzZd8=
github.com/sixcolors/argon2id v1.0.0/go.mod h1:rdloJ6yYxE0Xvp8K+j4/0c5yOGOMBjrJLBvr6qFsqU8=
golang.org/x/crypto v0.41.0 h1:WKYxWedPGCTVVl5+WHSSrOBT0O8lx32+zxmHxijgXp4=
golang.org/x/crypto v0.41.0/go.mod h1:pO5AFd7FA68rFak7rOAGVuygIISepHftHnr8dr6+sUc=
golang.org/x/sys v0.35.0 h1:vz1N37gP5bs89s7He8XuIYXpyY0+QlsKmzipCbUtyxI=
golang.org/x/sys v0.35.0/go.mod h1:BJP2sWEmIv4KK5OTEluFJCKSidICx8ciO85XgH3Ak8k=
